# Generated by move; do not edit
# This file should be checked in.

[move]
version = 4

[pinned.test-publish.MoveStdlib]
source = { git = "https://github.com/MystenLabs/sui.git", subdir = "crates/sui-framework/packages/move-stdlib", rev = "c2428b3aaf9c24270b609001e56d96cb10c76d28" }
use_environment = "test-publish"
manifest_digest = "C4FE4C91DE74CBF223B2E380AE40F592177D21870DC2D7EB6227D2D694E05363"
deps = {}

[pinned.test-publish.Sui]
source = { git = "https://github.com/MystenLabs/sui.git", subdir = "crates/sui-framework/packages/sui-framework", rev = "c2428b3aaf9c24270b609001e56d96cb10c76d28" }
use_environment = "test-publish"
manifest_digest = "7B6E5525FC0BFAECA61725298C425266BB21D456122669E3B2D3A4151A705F69"
deps = { MoveStdlib = "MoveStdlib" }

[pinned.test-publish.deepbook]
source = { local = "../../../../vendor/deepbookv3/packages/deepbook" }
use_environment = "test-publish"
manifest_digest = "B0E7CD02F625C04E483B547FEEB91FCCC396F8FCEE1B0C80239AE3535055B6F5"
deps = { std = "MoveStdlib", sui = "Sui", token = "token" }

[pinned.test-publish.local_mock_pyth]
source = { local = "../pyth-mock" }
use_environment = "test-publish"
manifest_digest = "2963D6B4689ED068546E86F8453FBCA51DCDF68A1C96D681328D2CDACE14B5CF"
deps = { std = "MoveStdlib", sui = "Sui" }

[pinned.test-publish.openzeppelin_market_maker]
source = { root = true }
use_environment = "test-publish"
manifest_digest = "E14692E4DD4ACA9F0F39F9777C47565F7441A4ACCD1AE2B98E892F12BBAC8F2A"
deps = { deepbook = "deepbook", pyth = "local_mock_pyth", std = "MoveStdlib", sui = "Sui" }

[pinned.test-publish.token]
source = { local = "../../../../vendor/deepbookv3/packages/token" }
use_environment = "test-publish"
manifest_digest = "2963D6B4689ED068546E86F8453FBCA51DCDF68A1C96D681328D2CDACE14B5CF"
deps = { std = "MoveStdlib", sui = "Sui" }

[pinned.testnet.MoveStdlib]
source = { git = "https://github.com/MystenLabs/sui.git", subdir = "crates/sui-framework/packages/move-stdlib", rev = "c2428b3aaf9c24270b609001e56d96cb10c76d28" }
use_environment = "testnet"
manifest_digest = "C4FE4C91DE74CBF223B2E380AE40F592177D21870DC2D7EB6227D2D694E05363"
deps = {}

[pinned.testnet.MoveStdlib_1]
source = { git = "https://github.com/MystenLabs/sui.git", subdir = "crates/sui-framework/packages/move-stdlib", rev = "041c5f2bae2fe52079e44b70514333532d69f4e6" }
use_environment = "testnet"
manifest_digest = "C4FE4C91DE74CBF223B2E380AE40F592177D21870DC2D7EB6227D2D694E05363"
deps = {}

[pinned.testnet.Pyth]
source = { git = "https://github.com/pyth-network/pyth-crosschain.git", subdir = "target_chains/sui/contracts", rev = "62c7a5bc0fc857ba6417ad780190552d4919ceca" }
use_environment = "testnet"
manifest_digest = "EE442EEB0E1F71B244DBB1E016B1D0D8F67061BDAFA606B6C86F093D15CA0755"
deps = { Sui = "Sui_1", Wormhole = "Wormhole" }

[pinned.testnet.Sui]
source = { git = "https://github.com/MystenLabs/sui.git", subdir = "crates/sui-framework/packages/sui-framework", rev = "c2428b3aaf9c24270b609001e56d96cb10c76d28" }
use_environment = "testnet"
manifest_digest = "7AFB66695545775FBFBB2D3078ADFD084244D5002392E837FDE21D9EA1C6D01C"
deps = { MoveStdlib = "MoveStdlib" }

[pinned.testnet.Sui_1]
source = { git = "https://github.com/MystenLabs/sui.git", subdir = "crates/sui-framework/packages/sui-framework", rev = "041c5f2bae2fe52079e44b70514333532d69f4e6" }
use_environment = "testnet"
manifest_digest = "7AFB66695545775FBFBB2D3078ADFD084244D5002392E837FDE21D9EA1C6D01C"
deps = { MoveStdlib = "MoveStdlib_1" }

[pinned.testnet.Wormhole]
source = { git = "https://github.com/wormhole-foundation/wormhole.git", subdir = "sui/wormhole", rev = "1b1cb69e809e0e7081cf1bf9b2779c41c14fc7f0" }
use_environment = "testnet"
manifest_digest = "6996F1AB8CD448FFBA142C085C488FE8A46B485E61E38A1891EFA52B30D9C12E"
deps = { Sui = "Sui_1" }

[pinned.testnet.deepbook]
source = { git = "https://github.com/MystenLabs/deepbookv3.git", subdir = "packages/deepbook", rev = "b0c3f8b42f5209205dc3f2802b9312e59518a692" }
use_environment = "testnet"
manifest_digest = "3101923B9428545A4F52FFAD1C4F959F9BFFF84CD09CE4BCC1CB831286999B5A"
deps = { std = "MoveStdlib", sui = "Sui", token = "token" }

[pinned.testnet.openzeppelin_market_maker]
source = { root = true }
use_environment = "testnet"
manifest_digest = "D898E3EAE56DD0D14D7C8DA5C29EC4EA9D9FEE5E710C406A485AD8A0DF2F7645"
deps = { deepbook = "deepbook", pyth = "Pyth", std = "MoveStdlib", sui = "Sui" }

[pinned.testnet.token]
source = { git = "https://github.com/MystenLabs/deepbookv3.git", subdir = "packages/token", rev = "25295da9d8b24482bfbe18a5956b18e542d1421a" }
use_environment = "testnet"
manifest_digest = "5745706258F61D6CE210904B3E6AE87A73CE9D31A6F93BE4718C442529332A87"
deps = { std = "MoveStdlib", sui = "Sui" }
