# Generated by move; do not edit
# This file should be checked in.

[move]
version = 4

[pinned.test-publish.MoveStdlib]
source = { git = "https://github.com/MystenLabs/sui.git", subdir = "crates/sui-framework/packages/move-stdlib", rev = "c2428b3aaf9c24270b609001e56d96cb10c76d28" }
use_environment = "test-publish"
manifest_digest = "C4FE4C91DE74CBF223B2E380AE40F592177D21870DC2D7EB6227D2D694E05363"
deps = {}

[pinned.test-publish.Sui]
source = { git = "https://github.com/MystenLabs/sui.git", subdir = "crates/sui-framework/packages/sui-framework", rev = "c2428b3aaf9c24270b609001e56d96cb10c76d28" }
use_environment = "test-publish"
manifest_digest = "7B6E5525FC0BFAECA61725298C425266BB21D456122669E3B2D3A4151A705F69"
deps = { MoveStdlib = "MoveStdlib" }

[pinned.test-publish.deepbook]
source = { local = "../../../../vendor/deepbookv3/packages/deepbook" }
use_environment = "test-publish"
manifest_digest = "A07E009D1B3FCEF9F886F837C413B49FB6609363F4CB092B1211A405CE676059"
deps = { std = "MoveStdlib", sui = "Sui", token = "token" }

[pinned.test-publish.local_mock_pyth]
source = { local = "../pyth-mock" }
use_environment = "test-publish"
manifest_digest = "2963D6B4689ED068546E86F8453FBCA51DCDF68A1C96D681328D2CDACE14B5CF"
deps = { std = "MoveStdlib", sui = "Sui" }

[pinned.test-publish.openzeppelin_market_maker]
source = { root = true }
use_environment = "test-publish"
manifest_digest = "E14692E4DD4ACA9F0F39F9777C47565F7441A4ACCD1AE2B98E892F12BBAC8F2A"
deps = { deepbook = "deepbook", pyth = "local_mock_pyth", std = "MoveStdlib", sui = "Sui" }

[pinned.test-publish.token]
source = { local = "../../../../vendor/deepbookv3/packages/token" }
use_environment = "test-publish"
manifest_digest = "2963D6B4689ED068546E86F8453FBCA51DCDF68A1C96D681328D2CDACE14B5CF"
deps = { std = "MoveStdlib", sui = "Sui" }
